
Microsoft Visual Studio Solution File, Format Version 12.00
# Visual Studio Version 16
VisualStudioVersion = 16.0.31402.337
MinimumVisualStudioVersion = 10.0.40219.1
Project("{9A19103F-16F7-4668-BE54-9A1E7A4F7556}") = "GalacticEmpire.Api", "GalacticEmpire\Server\GalacticEmpire.Api.csproj", "{BD8FBA93-D238-42DD-A7D7-697CC2B270DA}"
EndProject
Project("{9A19103F-16F7-4668-BE54-9A1E7A4F7556}") = "GalacticEmpire.Client", "GalacticEmpire\Client\GalacticEmpire.Client.csproj", "{714C4B0A-ECE1-469F-AAE9-309058B47941}"
EndProject
Project("{9A19103F-16F7-4668-BE54-9A1E7A4F7556}") = "GalacticEmpire.Shared", "GalacticEmpire\Shared\GalacticEmpire.Shared.csproj", "{752CFD1B-BA55-4942-98B3-6C939D879B7B}"
EndProject
Project("{9A19103F-16F7-4668-BE54-9A1E7A4F7556}") = "GalacticEmpire.Domain", "GalacticEmpire.Domain\GalacticEmpire.Domain.csproj", "{4E5DD7D0-E03F-4709-BAC0-C534907B6D6E}"
EndProject
Project("{9A19103F-16F7-4668-BE54-9A1E7A4F7556}") = "GalacticEmpire.Dal", "GalacticEmpire.Dal\GalacticEmpire.Dal.csproj", "{7DB868B7-ABEA-4065-BD3C-B26729A937F7}"
EndProject
Global
	GlobalSection(SolutionConfigurationPlatforms) = preSolution
		Debug|Any CPU = Debug|Any CPU
		Release|Any CPU = Release|Any CPU
	EndGlobalSection
	GlobalSection(ProjectConfigurationPlatforms) = postSolution
		{BD8FBA93-D238-42DD-A7D7-697CC2B270DA}.Debug|Any CPU.ActiveCfg = Debug|Any CPU
		{BD8FBA93-D238-42DD-A7D7-697CC2B270DA}.Debug|Any CPU.Build.0 = Debug|Any CPU
		{BD8FBA93-D238-42DD-A7D7-697CC2B270DA}.Release|Any CPU.ActiveCfg = Release|Any CPU
		{BD8FBA93-D238-42DD-A7D7-697CC2B270DA}.Release|Any CPU.Build.0 = Release|Any CPU
		{714C4B0A-ECE1-469F-AAE9-309058B47941}.Debug|Any CPU.ActiveCfg = Debug|Any CPU
		{714C4B0A-ECE1-469F-AAE9-309058B47941}.Debug|Any CPU.Build.0 = Debug|Any CPU
		{714C4B0A-ECE1-469F-AAE9-309058B47941}.Release|Any CPU.ActiveCfg = Release|Any CPU
		{714C4B0A-ECE1-469F-AAE9-309058B47941}.Release|Any CPU.Build.0 = Release|Any CPU
		{752CFD1B-BA55-4942-98B3-6C939D879B7B}.Debug|Any CPU.ActiveCfg = Debug|Any CPU
		{752CFD1B-BA55-4942-98B3-6C939D879B7B}.Debug|Any CPU.Build.0 = Debug|Any CPU
		{752CFD1B-BA55-4942-98B3-6C939D879B7B}.Release|Any CPU.ActiveCfg = Release|Any CPU
		{752CFD1B-BA55-4942-98B3-6C939D879B7B}.Release|Any CPU.Build.0 = Release|Any CPU
		{4E5DD7D0-E03F-4709-BAC0-C534907B6D6E}.Debug|Any CPU.ActiveCfg = Debug|Any CPU
		{4E5DD7D0-E03F-4709-BAC0-C534907B6D6E}.Debug|Any CPU.Build.0 = Debug|Any CPU
		{4E5DD7D0-E03F-4709-BAC0-C534907B6D6E}.Release|Any CPU.ActiveCfg = Release|Any CPU
		{4E5DD7D0-E03F-4709-BAC0-C534907B6D6E}.Release|Any CPU.Build.0 = Release|Any CPU
		{7DB868B7-ABEA-4065-BD3C-B26729A937F7}.Debug|Any CPU.ActiveCfg = Debug|Any CPU
		{7DB868B7-ABEA-4065-BD3C-B26729A937F7}.Debug|Any CPU.Build.0 = Debug|Any CPU
		{7DB868B7-ABEA-4065-BD3C-B26729A937F7}.Release|Any CPU.ActiveCfg = Release|Any CPU
		{7DB868B7-ABEA-4065-BD3C-B26729A937F7}.Release|Any CPU.Build.0 = Release|Any CPU
	EndGlobalSection
	GlobalSection(SolutionProperties) = preSolution
		HideSolutionNode = FALSE
	EndGlobalSection
	GlobalSection(ExtensibilityGlobals) = postSolution
		SolutionGuid = {65173624-B48F-4149-A10F-4CE44A11CF44}
	EndGlobalSection
EndGlobal
